// !$*UTF8*$!
{
	archiveVersion = 1;
	classes = {
	};
	objectVersion = 50;
	objects = {

/* Begin PBXBuildFile section */
		09879550218FC58200613608 /* AppDelegate.swift in Sources */ = {isa = PBXBuildFile; fileRef = 0987954F218FC58200613608 /* AppDelegate.swift */; };
		09879552218FC58200613608 /* ViewController.swift in Sources */ = {isa = PBXBuildFile; fileRef = 09879551218FC58200613608 /* ViewController.swift */; };
		09879555218FC58200613608 /* Main.storyboard in Resources */ = {isa = PBXBuildFile; fileRef = 09879553218FC58200613608 /* Main.storyboard */; };
		09879557218FC58300613608 /* Assets.xcassets in Resources */ = {isa = PBXBuildFile; fileRef = 09879556218FC58300613608 /* Assets.xcassets */; };
		0987955A218FC58300613608 /* LaunchScreen.storyboard in Resources */ = {isa = PBXBuildFile; fileRef = 09879558218FC58300613608 /* LaunchScreen.storyboard */; };
		09879562218FC99B00613608 /* mantap.jpg in Resources */ = {isa = PBXBuildFile; fileRef = 09879561218FC99B00613608 /* mantap.jpg */; };
		09879564218FCBC800613608 /* 2.jpg in Resources */ = {isa = PBXBuildFile; fileRef = 09879563218FCBC800613608 /* 2.jpg */; };
		09879566218FD2C100613608 /* images.png in Resources */ = {isa = PBXBuildFile; fileRef = 09879565218FD2C100613608 /* images.png */; };
		09879568218FE98800613608 /* JmYp6mU.jpg in Resources */ = {isa = PBXBuildFile; fileRef = 09879567218FE98800613608 /* JmYp6mU.jpg */; };
		0987956A218FEC6B00613608 /* b1128ac8972c0078a7131158fe458d7e.jpg in Resources */ = {isa = PBXBuildFile; fileRef = 09879569218FEC6A00613608 /* b1128ac8972c0078a7131158fe458d7e.jpg */; };
		0987956C218FF1B800613608 /* back.png in Resources */ = {isa = PBXBuildFile; fileRef = 0987956B218FF1B800613608 /* back.png */; };
/* End PBXBuildFile section */

/* Begin PBXFileReference section */
		0987954C218FC58200613608 /* sejara para panglima muslim.app */ = {isa = PBXFileReference; explicitFileType = wrapper.application; includeInIndex = 0; path = "sejara para panglima muslim.app"; sourceTree = BUILT_PRODUCTS_DIR; };
		0987954F218FC58200613608 /* AppDelegate.swift */ = {isa = PBXFileReference; lastKnownFileType = sourcecode.swift; path = AppDelegate.swift; sourceTree = "<group>"; };
		09879551218FC58200613608 /* ViewController.swift */ = {isa = PBXFileReference; lastKnownFileType = sourcecode.swift; path = ViewController.swift; sourceTree = "<group>"; };
		09879554218FC58200613608 /* Base */ = {isa = PBXFileReference; lastKnownFileType = file.storyboard; name = Base; path = Base.lproj/Main.storyboard; sourceTree = "<group>"; };
		09879556218FC58300613608 /* Assets.xcassets */ = {isa = PBXFileReference; lastKnownFileType = folder.assetcatalog; path = Assets.xcassets; sourceTree = "<group>"; };
		09879559218FC58300613608 /* Base */ = {isa = PBXFileReference; lastKnownFileType = file.storyboard; name = Base; path = Base.lproj/LaunchScreen.storyboard; sourceTree = "<group>"; };
		0987955B218FC58300613608 /* Info.plist */ = {isa = PBXFileReference; lastKnownFileType = text.plist.xml; path = Info.plist; sourceTree = "<group>"; };
		09879561218FC99B00613608 /* mantap.jpg */ = {isa = PBXFileReference; lastKnownFileType = image.jpeg; name = mantap.jpg; path = ../../mantap.jpg; sourceTree = "<group>"; };
		09879563218FCBC800613608 /* 2.jpg */ = {isa = PBXFileReference; lastKnownFileType = image.jpeg; name = 2.jpg; path = ../../2.jpg; sourceTree = "<group>"; };
		09879565218FD2C100613608 /* images.png */ = {isa = PBXFileReference; lastKnownFileType = image.png; name = images.png; path = ../../images.png; sourceTree = "<group>"; };
		09879567218FE98800613608 /* JmYp6mU.jpg */ = {isa = PBXFileReference; lastKnownFileType = image.jpeg; name = JmYp6mU.jpg; path = ../../JmYp6mU.jpg; sourceTree = "<group>"; };
		09879569218FEC6A00613608 /* b1128ac8972c0078a7131158fe458d7e.jpg */ = {isa = PBXFileReference; lastKnownFileType = image.jpeg; name = b1128ac8972c0078a7131158fe458d7e.jpg; path = ../../b1128ac8972c0078a7131158fe458d7e.jpg; sourceTree = "<group>"; };
		0987956B218FF1B800613608 /* back.png */ = {isa = PBXFileReference; lastKnownFileType = image.png; name = back.png; path = ../../back.png; sourceTree = "<group>"; };
/* End PBXFileReference section */

/* Begin PBXFrameworksBuildPhase section */
		09879549218FC58200613608 /* Frameworks */ = {
			isa = PBXFrameworksBuildPhase;
			buildActionMask = 2147483647;
			files = (
			);
			runOnlyForDeploymentPostprocessing = 0;
		};
/* End PBXFrameworksBuildPhase section */

/* Begin PBXGroup section */
		09879543218FC58200613608 = {
			isa = PBXGroup;
			children = (
				0987954E218FC58200613608 /* sejara para panglima muslim */,
				0987954D218FC58200613608 /* Products */,
				09879561218FC99B00613608 /* mantap.jpg */,
				09879563218FCBC800613608 /* 2.jpg */,
				09879565218FD2C100613608 /* images.png */,
				09879567218FE98800613608 /* JmYp6mU.jpg */,
				09879569218FEC6A00613608 /* b1128ac8972c0078a7131158fe458d7e.jpg */,
				0987956B218FF1B800613608 /* back.png */,
			);
			sourceTree = "<group>";
		};
		0987954D218FC58200613608 /* Products */ = {
			isa = PBXGroup;
			children = (
				0987954C218FC58200613608 /* sejara para panglima muslim.app */,
			);
			name = Products;
			sourceTree = "<group>";
		};
		0987954E218FC58200613608 /* sejara para panglima muslim */ = {
			isa = PBXGroup;
			children = (
				0987954F218FC58200613608 /* AppDelegate.swift */,
				09879551218FC58200613608 /* ViewController.swift */,
				09879553218FC58200613608 /* Main.storyboard */,
				09879556218FC58300613608 /* Assets.xcassets */,
				09879558218FC58300613608 /* LaunchScreen.storyboard */,
				0987955B218FC58300613608 /* Info.plist */,
			);
			path = "sejara para panglima muslim";
			sourceTree = "<group>";
		};
/* End PBXGroup section */

/* Begin PBXNativeTarget section */
		0987954B218FC58200613608 /* sejara para panglima muslim */ = {
			isa = PBXNativeTarget;
			buildConfigurationList = 0987955E218FC58300613608 /* Build configuration list for PBXNativeTarget "sejara para panglima muslim" */;
			buildPhases = (
				09879548218FC58200613608 /* Sources */,
				09879549218FC58200613608 /* Frameworks */,
				0987954A218FC58200613608 /* Resources */,
			);
			buildRules = (
			);
			dependencies = (
			);
			name = "sejara para panglima muslim";
			productName = "sejara para panglima muslim";
			productReference = 0987954C218FC58200613608 /* sejara para panglima muslim.app */;
			productType = "com.apple.product-type.application";
		};
/* End PBXNativeTarget section */

/* Begin PBXProject section */
		09879544218FC58200613608 /* Project object */ = {
			isa = PBXProject;
			attributes = {
				LastSwiftUpdateCheck = 0940;
				LastUpgradeCheck = 0940;
				ORGANIZATIONNAME = fauzanfaurezs;
				TargetAttributes = {
					0987954B218FC58200613608 = {
						CreatedOnToolsVersion = 9.4;
					};
				};
			};
			buildConfigurationList = 09879547218FC58200613608 /* Build configuration list for PBXProject "sejara para panglima muslim" */;
			compatibilityVersion = "Xcode 9.3";
			developmentRegion = en;
			hasScannedForEncodings = 0;
			knownRegions = (
				en,
				Base,
			);
			mainGroup = 09879543218FC58200613608;
			productRefGroup = 0987954D218FC58200613608 /* Products */;
			projectDirPath = "";
			projectRoot = "";
			targets = (
				0987954B218FC58200613608 /* sejara para panglima muslim */,
			);
		};
/* End PBXProject section */

/* Begin PBXResourcesBuildPhase section */
		0987954A218FC58200613608 /* Resources */ = {
			isa = PBXResourcesBuildPhase;
			buildActionMask = 2147483647;
			files = (
				0987956A218FEC6B00613608 /* b1128ac8972c0078a7131158fe458d7e.jpg in Resources */,
				0987955A218FC58300613608 /* LaunchScreen.storyboard in Resources */,
				0987956C218FF1B800613608 /* back.png in Resources */,
				09879568218FE98800613608 /* JmYp6mU.jpg in Resources */,
				09879557218FC58300613608 /* Assets.xcassets in Resources */,
				09879564218FCBC800613608 /* 2.jpg in Resources */,
				09879566218FD2C100613608 /* images.png in Resources */,
				09879555218FC58200613608 /* Main.storyboard in Resources */,
				09879562218FC99B00613608 /* mantap.jpg in Resources */,
			);
			runOnlyForDeploymentPostprocessing = 0;
		};
/* End PBXResourcesBuildPhase section */

/* Begin PBXSourcesBuildPhase section */
		09879548218FC58200613608 /* Sources */ = {
			isa = PBXSourcesBuildPhase;
			buildActionMask = 2147483647;
			files = (
				09879552218FC58200613608 /* ViewController.swift in Sources */,
				09879550218FC58200613608 /* AppDelegate.swift in Sources */,
			);
			runOnlyForDeploymentPostprocessing = 0;
		};
/* End PBXSourcesBuildPhase section */

/* Begin PBXVariantGroup section */
		09879553218FC58200613608 /* Main.storyboard */ = {
			isa = PBXVariantGroup;
			children = (
				09879554218FC58200613608 /* Base */,
			);
			name = Main.storyboard;
			sourceTree = "<group>";
		};
		09879558218FC58300613608 /* LaunchScreen.storyboard */ = {
			isa = PBXVariantGroup;
			children = (
				09879559218FC58300613608 /* Base */,
			);
			name = LaunchScreen.storyboard;
			sourceTree = "<group>";
		};
/* End PBXVariantGroup section */

/* Begin XCBuildConfiguration section */
		0987955C218FC58300613608 /* Debug */ = {
			isa = XCBuildConfiguration;
			buildSettings = {
				ALWAYS_SEARCH_USER_PATHS = NO;
				CLANG_ANALYZER_NONNULL = YES;
				CLANG_ANALYZER_NUMBER_OBJECT_CONVERSION = YES_AGGRESSIVE;
				CLANG_CXX_LANGUAGE_STANDARD = "gnu++14";
				CLANG_CXX_LIBRARY = "libc++";
				CLANG_ENABLE_MODULES = YES;
				CLANG_ENABLE_OBJC_ARC = YES;
				CLANG_ENABLE_OBJC_WEAK = YES;
				CLANG_WARN_BLOCK_CAPTURE_AUTORELEASING = YES;
				CLANG_WARN_BOOL_CONVERSION = YES;
				CLANG_WARN_COMMA = YES;
				CLANG_WARN_CONSTANT_CONVERSION = YES;
				CLANG_WARN_DEPRECATED_OBJC_IMPLEMENTATIONS = YES;
				CLANG_WARN_DIRECT_OBJC_ISA_USAGE = YES_ERROR;
				CLANG_WARN_DOCUMENTATION_COMMENTS = YES;
				CLANG_WARN_EMPTY_BODY = YES;
				CLANG_WARN_ENUM_CONVERSION = YES;
				CLANG_WARN_INFINITE_RECURSION = YES;
				CLANG_WARN_INT_CONVERSION = YES;
				CLANG_WARN_NON_LITERAL_NULL_CONVERSION = YES;
				CLANG_WARN_OBJC_IMPLICIT_RETAIN_SELF = YES;
				CLANG_WARN_OBJC_LITERAL_CONVERSION = YES;
				CLANG_WARN_OBJC_ROOT_CLASS = YES_ERROR;
				CLANG_WARN_RANGE_LOOP_ANALYSIS = YES;
				CLANG_WARN_STRICT_PROTOTYPES = YES;
				CLANG_WARN_SUSPICIOUS_MOVE = YES;
				CLANG_WARN_UNGUARDED_AVAILABILITY = YES_AGGRESSIVE;
				CLANG_WARN_UNREACHABLE_CODE = YES;
				CLANG_WARN__DUPLICATE_METHOD_MATCH = YES;
				CODE_SIGN_IDENTITY = "iPhone Developer";
				COPY_PHASE_STRIP = NO;
				DEBUG_INFORMATION_FORMAT = dwarf;
				ENABLE_STRICT_OBJC_MSGSEND = YES;
				ENABLE_TESTABILITY = YES;
				GCC_C_LANGUAGE_STANDARD = gnu11;
				GCC_DYNAMIC_NO_PIC = NO;
				GCC_NO_COMMON_BLOCKS = YES;
				GCC_OPTIMIZATION_LEVEL = 0;
				GCC_PREPROCESSOR_DEFINITIONS = (
					"DEBUG=1",
					"$(inherited)",
				);
				GCC_WARN_64_TO_32_BIT_CONVERSION = YES;
				GCC_WARN_ABOUT_RETURN_TYPE = YES_ERROR;
				GCC_WARN_UNDECLARED_SELECTOR = YES;
				GCC_WARN_UNINITIALIZED_AUTOS = YES_AGGRESSIVE;
				GCC_WARN_UNUSED_FUNCTION = YES;
				GCC_WARN_UNUSED_VARIABLE = YES;
				IPHONEOS_DEPLOYMENT_TARGET = 11.4;
				MTL_ENABLE_DEBUG_INFO = YES;
				ONLY_ACTIVE_ARCH = YES;
				SDKROOT = iphoneos;
				SWIFT_ACTIVE_COMPILATION_CONDITIONS = DEBUG;
				SWIFT_OPTIMIZATION_LEVEL = "-Onone";
			};
			name = Debug;
		};
		0987955D218FC58300613608 /* Release */ = {
			isa = XCBuildConfiguration;
			buildSettings = {
				ALWAYS_SEARCH_USER_PATHS = NO;
				CLANG_ANALYZER_NONNULL = YES;
				CLANG_ANALYZER_NUMBER_OBJECT_CONVERSION = YES_AGGRESSIVE;
				CLANG_CXX_LANGUAGE_STANDARD = "gnu++14";
				CLANG_CXX_LIBRARY = "libc++";
				CLANG_ENABLE_MODULES = YES;
				CLANG_ENABLE_OBJC_ARC = YES;
				CLANG_ENABLE_OBJC_WEAK = YES;
				CLANG_WARN_BLOCK_CAPTURE_AUTORELEASING = YES;
				CLANG_WARN_BOOL_CONVERSION = YES;
				CLANG_WARN_COMMA = YES;
				CLANG_WARN_CONSTANT_CONVERSION = YES;
				CLANG_WARN_DEPRECATED_OBJC_IMPLEMENTATIONS = YES;
				CLANG_WARN_DIRECT_OBJC_ISA_USAGE = YES_ERROR;
				CLANG_WARN_DOCUMENTATION_COMMENTS = YES;
				CLANG_WARN_EMPTY_BODY = YES;
				CLANG_WARN_ENUM_CONVERSION = YES;
				CLANG_WARN_INFINITE_RECURSION = YES;
				CLANG_WARN_INT_CONVERSION = YES;
				CLANG_WARN_NON_LITERAL_NULL_CONVERSION = YES;
				CLANG_WARN_OBJC_IMPLICIT_RETAIN_SELF = YES;
				CLANG_WARN_OBJC_LITERAL_CONVERSION = YES;
				CLANG_WARN_OBJC_ROOT_CLASS = YES_ERROR;
				CLANG_WARN_RANGE_LOOP_ANALYSIS = YES;
				CLANG_WARN_STRICT_PROTOTYPES = YES;
				CLANG_WARN_SUSPICIOUS_MOVE = YES;
				CLANG_WARN_UNGUARDED_AVAILABILITY = YES_AGGRESSIVE;
				CLANG_WARN_UNREACHABLE_CODE = YES;
				CLANG_WARN__DUPLICATE_METHOD_MATCH = YES;
				CODE_SIGN_IDENTITY = "iPhone Developer";
				COPY_PHASE_STRIP = NO;
				DEBUG_INFORMATION_FORMAT = "dwarf-with-dsym";
				ENABLE_NS_ASSERTIONS = NO;
				ENABLE_STRICT_OBJC_MSGSEND = YES;
				GCC_C_LANGUAGE_STANDARD = gnu11;
				GCC_NO_COMMON_BLOCKS = YES;
				GCC_WARN_64_TO_32_BIT_CONVERSION = YES;
				GCC_WARN_ABOUT_RETURN_TYPE = YES_ERROR;
				GCC_WARN_UNDECLARED_SELECTOR = YES;
				GCC_WARN_UNINITIALIZED_AUTOS = YES_AGGRESSIVE;
				GCC_WARN_UNUSED_FUNCTION = YES;
				GCC_WARN_UNUSED_VARIABLE = YES;
				IPHONEOS_DEPLOYMENT_TARGET = 11.4;
				MTL_ENABLE_DEBUG_INFO = NO;
				SDKROOT = iphoneos;
				SWIFT_COMPILATION_MODE = wholemodule;
				SWIFT_OPTIMIZATION_LEVEL = "-O";
				VALIDATE_PRODUCT = YES;
			};
			name = Release;
		};
		0987955F218FC58300613608 /* Debug */ = {
			isa = XCBuildConfiguration;
			buildSettings = {
				ASSETCATALOG_COMPILER_APPICON_NAME = AppIcon;
				CODE_SIGN_STYLE = Automatic;
				INFOPLIST_FILE = "sejara para panglima muslim/Info.plist";
				LD_RUNPATH_SEARCH_PATHS = (
					"$(inherited)",
					"@executable_path/Frameworks",
				);
				PRODUCT_BUNDLE_IDENTIFIER = "fauzanfaurezs.sejara-para-panglima-muslim";
				PRODUCT_NAME = "$(TARGET_NAME)";
				SWIFT_VERSION = 4.0;
				TARGETED_DEVICE_FAMILY = "1,2";
			};
			name = Debug;
		};
		09879560218FC58300613608 /* Release */ = {
			isa = XCBuildConfiguration;
			buildSettings = {
				ASSETCATALOG_COMPILER_APPICON_NAME = AppIcon;
				CODE_SIGN_STYLE = Automatic;
				INFOPLIST_FILE = "sejara para panglima muslim/Info.plist";
				LD_RUNPATH_SEARCH_PATHS = (
					"$(inherited)",
					"@executable_path/Frameworks",
				);
				PRODUCT_BUNDLE_IDENTIFIER = "fauzanfaurezs.sejara-para-panglima-muslim";
				PRODUCT_NAME = "$(TARGET_NAME)";
				SWIFT_VERSION = 4.0;
				TARGETED_DEVICE_FAMILY = "1,2";
			};
			name = Release;
		};
/* End XCBuildConfiguration section */

/* Begin XCConfigurationList section */
		09879547218FC58200613608 /* Build configuration list for PBXProject "sejara para panglima muslim" */ = {
			isa = XCConfigurationList;
			buildConfigurations = (
				0987955C218FC58300613608 /* Debug */,
				0987955D218FC58300613608 /* Release */,
			);
			defaultConfigurationIsVisible = 0;
			defaultConfigurationName = Release;
		};
		0987955E218FC58300613608 /* Build configuration list for PBXNativeTarget "sejara para panglima muslim" */ = {
			isa = XCConfigurationList;
			buildConfigurations = (
				0987955F218FC58300613608 /* Debug */,
				09879560218FC58300613608 /* Release */,
			);
			defaultConfigurationIsVisible = 0;
			defaultConfigurationName = Release;
		};
/* End XCConfigurationList section */
	};
	rootObject = 09879544218FC58200613608 /* Project object */;
}
